// !$*UTF8*$!
{
	archiveVersion = 1;
	classes = {
	};
	objectVersion = 55;
	objects = {

/* Begin PBXBuildFile section */
		800B499A281D0EBF006DE5CE /* BabyAndBeeApp.swift in Sources */ = {isa = PBXBuildFile; fileRef = 800B4999281D0EBF006DE5CE /* BabyAndBeeApp.swift */; };
		800B499C281D0EBF006DE5CE /* ContentView.swift in Sources */ = {isa = PBXBuildFile; fileRef = 800B499B281D0EBF006DE5CE /* ContentView.swift */; };
		800B499E281D0EC1006DE5CE /* Assets.xcassets in Resources */ = {isa = PBXBuildFile; fileRef = 800B499D281D0EC1006DE5CE /* Assets.xcassets */; };
		800B49A1281D0EC1006DE5CE /* Preview Assets.xcassets in Resources */ = {isa = PBXBuildFile; fileRef = 800B49A0281D0EC1006DE5CE /* Preview Assets.xcassets */; };
		800B49AB281D0EC1006DE5CE /* BabyAndBeeTests.swift in Sources */ = {isa = PBXBuildFile; fileRef = 800B49AA281D0EC1006DE5CE /* BabyAndBeeTests.swift */; };
		800B49B5281D0EC1006DE5CE /* BabyAndBeeUITests.swift in Sources */ = {isa = PBXBuildFile; fileRef = 800B49B4281D0EC1006DE5CE /* BabyAndBeeUITests.swift */; };
		800B49B7281D0EC1006DE5CE /* BabyAndBeeUITestsLaunchTests.swift in Sources */ = {isa = PBXBuildFile; fileRef = 800B49B6281D0EC1006DE5CE /* BabyAndBeeUITestsLaunchTests.swift */; };
		800B49C4281D1012006DE5CE /* HeaderView.swift in Sources */ = {isa = PBXBuildFile; fileRef = 800B49C3281D1012006DE5CE /* HeaderView.swift */; };
		800B49C6281D11C1006DE5CE /* Place.swift in Sources */ = {isa = PBXBuildFile; fileRef = 800B49C5281D11C1006DE5CE /* Place.swift */; };
		800B49C8281D1A32006DE5CE /* PlaceView.swift in Sources */ = {isa = PBXBuildFile; fileRef = 800B49C7281D1A32006DE5CE /* PlaceView.swift */; };
/* End PBXBuildFile section */

/* Begin PBXContainerItemProxy section */
		800B49A7281D0EC1006DE5CE /* PBXContainerItemProxy */ = {
			isa = PBXContainerItemProxy;
			containerPortal = 800B498E281D0EBF006DE5CE /* Project object */;
			proxyType = 1;
			remoteGlobalIDString = 800B4995281D0EBF006DE5CE;
			remoteInfo = BabyAndBee;
		};
		800B49B1281D0EC1006DE5CE /* PBXContainerItemProxy */ = {
			isa = PBXContainerItemProxy;
			containerPortal = 800B498E281D0EBF006DE5CE /* Project object */;
			proxyType = 1;
			remoteGlobalIDString = 800B4995281D0EBF006DE5CE;
			remoteInfo = BabyAndBee;
		};
/* End PBXContainerItemProxy section */

/* Begin PBXFileReference section */
		800B4996281D0EBF006DE5CE /* BabyAndBee.app */ = {isa = PBXFileReference; explicitFileType = wrapper.application; includeInIndex = 0; path = BabyAndBee.app; sourceTree = BUILT_PRODUCTS_DIR; };
		800B4999281D0EBF006DE5CE /* BabyAndBeeApp.swift */ = {isa = PBXFileReference; lastKnownFileType = sourcecode.swift; path = BabyAndBeeApp.swift; sourceTree = "<group>"; };
		800B499B281D0EBF006DE5CE /* ContentView.swift */ = {isa = PBXFileReference; lastKnownFileType = sourcecode.swift; path = ContentView.swift; sourceTree = "<group>"; };
		800B499D281D0EC1006DE5CE /* Assets.xcassets */ = {isa = PBXFileReference; lastKnownFileType = folder.assetcatalog; path = Assets.xcassets; sourceTree = "<group>"; };
		800B49A0281D0EC1006DE5CE /* Preview Assets.xcassets */ = {isa = PBXFileReference; lastKnownFileType = folder.assetcatalog; path = "Preview Assets.xcassets"; sourceTree = "<group>"; };
		800B49A6281D0EC1006DE5CE /* BabyAndBeeTests.xctest */ = {isa = PBXFileReference; explicitFileType = wrapper.cfbundle; includeInIndex = 0; path = BabyAndBeeTests.xctest; sourceTree = BUILT_PRODUCTS_DIR; };
		800B49AA281D0EC1006DE5CE /* BabyAndBeeTests.swift */ = {isa = PBXFileReference; lastKnownFileType = sourcecode.swift; path = BabyAndBeeTests.swift; sourceTree = "<group>"; };
		800B49B0281D0EC1006DE5CE /* BabyAndBeeUITests.xctest */ = {isa = PBXFileReference; explicitFileType = wrapper.cfbundle; includeInIndex = 0; path = BabyAndBeeUITests.xctest; sourceTree = BUILT_PRODUCTS_DIR; };
		800B49B4281D0EC1006DE5CE /* BabyAndBeeUITests.swift */ = {isa = PBXFileReference; lastKnownFileType = sourcecode.swift; path = BabyAndBeeUITests.swift; sourceTree = "<group>"; };
		800B49B6281D0EC1006DE5CE /* BabyAndBeeUITestsLaunchTests.swift */ = {isa = PBXFileReference; lastKnownFileType = sourcecode.swift; path = BabyAndBeeUITestsLaunchTests.swift; sourceTree = "<group>"; };
		800B49C3281D1012006DE5CE /* HeaderView.swift */ = {isa = PBXFileReference; lastKnownFileType = sourcecode.swift; path = HeaderView.swift; sourceTree = "<group>"; };
		800B49C5281D11C1006DE5CE /* Place.swift */ = {isa = PBXFileReference; lastKnownFileType = sourcecode.swift; path = Place.swift; sourceTree = "<group>"; };
		800B49C7281D1A32006DE5CE /* PlaceView.swift */ = {isa = PBXFileReference; lastKnownFileType = sourcecode.swift; path = PlaceView.swift; sourceTree = "<group>"; };
/* End PBXFileReference section */

/* Begin PBXFrameworksBuildPhase section */
		800B4993281D0EBF006DE5CE /* Frameworks */ = {
			isa = PBXFrameworksBuildPhase;
			buildActionMask = 2147483647;
			files = (
			);
			runOnlyForDeploymentPostprocessing = 0;
		};
		800B49A3281D0EC1006DE5CE /* Frameworks */ = {
			isa = PBXFrameworksBuildPhase;
			buildActionMask = 2147483647;
			files = (
			);
			runOnlyForDeploymentPostprocessing = 0;
		};
		800B49AD281D0EC1006DE5CE /* Frameworks */ = {
			isa = PBXFrameworksBuildPhase;
			buildActionMask = 2147483647;
			files = (
			);
			runOnlyForDeploymentPostprocessing = 0;
		};
/* End PBXFrameworksBuildPhase section */

/* Begin PBXGroup section */
		800B498D281D0EBF006DE5CE = {
			isa = PBXGroup;
			children = (
				800B4998281D0EBF006DE5CE /* BabyAndBee */,
				800B49A9281D0EC1006DE5CE /* BabyAndBeeTests */,
				800B49B3281D0EC1006DE5CE /* BabyAndBeeUITests */,
				800B4997281D0EBF006DE5CE /* Products */,
			);
			sourceTree = "<group>";
		};
		800B4997281D0EBF006DE5CE /* Products */ = {
			isa = PBXGroup;
			children = (
				800B4996281D0EBF006DE5CE /* BabyAndBee.app */,
				800B49A6281D0EC1006DE5CE /* BabyAndBeeTests.xctest */,
				800B49B0281D0EC1006DE5CE /* BabyAndBeeUITests.xctest */,
			);
			name = Products;
			sourceTree = "<group>";
		};
		800B4998281D0EBF006DE5CE /* BabyAndBee */ = {
			isa = PBXGroup;
			children = (
				800B4999281D0EBF006DE5CE /* BabyAndBeeApp.swift */,
				800B499B281D0EBF006DE5CE /* ContentView.swift */,
				800B49C3281D1012006DE5CE /* HeaderView.swift */,
				800B49C5281D11C1006DE5CE /* Place.swift */,
				800B49C7281D1A32006DE5CE /* PlaceView.swift */,
				800B499D281D0EC1006DE5CE /* Assets.xcassets */,
				800B499F281D0EC1006DE5CE /* Preview Content */,
			);
			path = BabyAndBee;
			sourceTree = "<group>";
		};
		800B499F281D0EC1006DE5CE /* Preview Content */ = {
			isa = PBXGroup;
			children = (
				800B49A0281D0EC1006DE5CE /* Preview Assets.xcassets */,
			);
			path = "Preview Content";
			sourceTree = "<group>";
		};
		800B49A9281D0EC1006DE5CE /* BabyAndBeeTests */ = {
			isa = PBXGroup;
			children = (
				800B49AA281D0EC1006DE5CE /* BabyAndBeeTests.swift */,
			);
			path = BabyAndBeeTests;
			sourceTree = "<group>";
		};
		800B49B3281D0EC1006DE5CE /* BabyAndBeeUITests */ = {
			isa = PBXGroup;
			children = (
				800B49B4281D0EC1006DE5CE /* BabyAndBeeUITests.swift */,
				800B49B6281D0EC1006DE5CE /* BabyAndBeeUITestsLaunchTests.swift */,
			);
			path = BabyAndBeeUITests;
			sourceTree = "<group>";
		};
/* End PBXGroup section */

/* Begin PBXNativeTarget section */
		800B4995281D0EBF006DE5CE /* BabyAndBee */ = {
			isa = PBXNativeTarget;
			buildConfigurationList = 800B49BA281D0EC1006DE5CE /* Build configuration list for PBXNativeTarget "BabyAndBee" */;
			buildPhases = (
				800B4992281D0EBF006DE5CE /* Sources */,
				800B4993281D0EBF006DE5CE /* Frameworks */,
				800B4994281D0EBF006DE5CE /* Resources */,
			);
			buildRules = (
			);
			dependencies = (
			);
			name = BabyAndBee;
			productName = BabyAndBee;
			productReference = 800B4996281D0EBF006DE5CE /* BabyAndBee.app */;
			productType = "com.apple.product-type.application";
		};
		800B49A5281D0EC1006DE5CE /* BabyAndBeeTests */ = {
			isa = PBXNativeTarget;
			buildConfigurationList = 800B49BD281D0EC1006DE5CE /* Build configuration list for PBXNativeTarget "BabyAndBeeTests" */;
			buildPhases = (
				800B49A2281D0EC1006DE5CE /* Sources */,
				800B49A3281D0EC1006DE5CE /* Frameworks */,
				800B49A4281D0EC1006DE5CE /* Resources */,
			);
			buildRules = (
			);
			dependencies = (
				800B49A8281D0EC1006DE5CE /* PBXTargetDependency */,
			);
			name = BabyAndBeeTests;
			productName = BabyAndBeeTests;
			productReference = 800B49A6281D0EC1006DE5CE /* BabyAndBeeTests.xctest */;
			productType = "com.apple.product-type.bundle.unit-test";
		};
		800B49AF281D0EC1006DE5CE /* BabyAndBeeUITests */ = {
			isa = PBXNativeTarget;
			buildConfigurationList = 800B49C0281D0EC1006DE5CE /* Build configuration list for PBXNativeTarget "BabyAndBeeUITests" */;
			buildPhases = (
				800B49AC281D0EC1006DE5CE /* Sources */,
				800B49AD281D0EC1006DE5CE /* Frameworks */,
				800B49AE281D0EC1006DE5CE /* Resources */,
			);
			buildRules = (
			);
			dependencies = (
				800B49B2281D0EC1006DE5CE /* PBXTargetDependency */,
			);
			name = BabyAndBeeUITests;
			productName = BabyAndBeeUITests;
			productReference = 800B49B0281D0EC1006DE5CE /* BabyAndBeeUITests.xctest */;
			productType = "com.apple.product-type.bundle.ui-testing";
		};
/* End PBXNativeTarget section */

/* Begin PBXProject section */
		800B498E281D0EBF006DE5CE /* Project object */ = {
			isa = PBXProject;
			attributes = {
				BuildIndependentTargetsInParallel = 1;
				LastSwiftUpdateCheck = 1330;
				LastUpgradeCheck = 1330;
				TargetAttributes = {
					800B4995281D0EBF006DE5CE = {
						CreatedOnToolsVersion = 13.3.1;
					};
					800B49A5281D0EC1006DE5CE = {
						CreatedOnToolsVersion = 13.3.1;
						TestTargetID = 800B4995281D0EBF006DE5CE;
					};
					800B49AF281D0EC1006DE5CE = {
						CreatedOnToolsVersion = 13.3.1;
						TestTargetID = 800B4995281D0EBF006DE5CE;
					};
				};
			};
			buildConfigurationList = 800B4991281D0EBF006DE5CE /* Build configuration list for PBXProject "BabyAndBee" */;
			compatibilityVersion = "Xcode 13.0";
			developmentRegion = en;
			hasScannedForEncodings = 0;
			knownRegions = (
				en,
				Base,
			);
			mainGroup = 800B498D281D0EBF006DE5CE;
			productRefGroup = 800B4997281D0EBF006DE5CE /* Products */;
			projectDirPath = "";
			projectRoot = "";
			targets = (
				800B4995281D0EBF006DE5CE /* BabyAndBee */,
				800B49A5281D0EC1006DE5CE /* BabyAndBeeTests */,
				800B49AF281D0EC1006DE5CE /* BabyAndBeeUITests */,
			);
		};
/* End PBXProject section */

/* Begin PBXResourcesBuildPhase section */
		800B4994281D0EBF006DE5CE /* Resources */ = {
			isa = PBXResourcesBuildPhase;
			buildActionMask = 2147483647;
			files = (
				800B49A1281D0EC1006DE5CE /* Preview Assets.xcassets in Resources */,
				800B499E281D0EC1006DE5CE /* Assets.xcassets in Resources */,
			);
			runOnlyForDeploymentPostprocessing = 0;
		};
		800B49A4281D0EC1006DE5CE /* Resources */ = {
			isa = PBXResourcesBuildPhase;
			buildActionMask = 2147483647;
			files = (
			);
			runOnlyForDeploymentPostprocessing = 0;
		};
		800B49AE281D0EC1006DE5CE /* Resources */ = {
			isa = PBXResourcesBuildPhase;
			buildActionMask = 2147483647;
			files = (
			);
			runOnlyForDeploymentPostprocessing = 0;
		};
/* End PBXResourcesBuildPhase section */

/* Begin PBXSourcesBuildPhase section */
		800B4992281D0EBF006DE5CE /* Sources */ = {
			isa = PBXSourcesBuildPhase;
			buildActionMask = 2147483647;
			files = (
				800B499C281D0EBF006DE5CE /* ContentView.swift in Sources */,
				800B49C4281D1012006DE5CE /* HeaderView.swift in Sources */,
				800B49C8281D1A32006DE5CE /* PlaceView.swift in Sources */,
				800B499A281D0EBF006DE5CE /* BabyAndBeeApp.swift in Sources */,
				800B49C6281D11C1006DE5CE /* Place.swift in Sources */,
			);
			runOnlyForDeploymentPostprocessing = 0;
		};
		800B49A2281D0EC1006DE5CE /* Sources */ = {
			isa = PBXSourcesBuildPhase;
			buildActionMask = 2147483647;
			files = (
				800B49AB281D0EC1006DE5CE /* BabyAndBeeTests.swift in Sources */,
			);
			runOnlyForDeploymentPostprocessing = 0;
		};
		800B49AC281D0EC1006DE5CE /* Sources */ = {
			isa = PBXSourcesBuildPhase;
			buildActionMask = 2147483647;
			files = (
				800B49B5281D0EC1006DE5CE /* BabyAndBeeUITests.swift in Sources */,
				800B49B7281D0EC1006DE5CE /* BabyAndBeeUITestsLaunchTests.swift in Sources */,
			);
			runOnlyForDeploymentPostprocessing = 0;
		};
/* End PBXSourcesBuildPhase section */

/* Begin PBXTargetDependency section */
		800B49A8281D0EC1006DE5CE /* PBXTargetDependency */ = {
			isa = PBXTargetDependency;
			target = 800B4995281D0EBF006DE5CE /* BabyAndBee */;
			targetProxy = 800B49A7281D0EC1006DE5CE /* PBXContainerItemProxy */;
		};
		800B49B2281D0EC1006DE5CE /* PBXTargetDependency */ = {
			isa = PBXTargetDependency;
			target = 800B4995281D0EBF006DE5CE /* BabyAndBee */;
			targetProxy = 800B49B1281D0EC1006DE5CE /* PBXContainerItemProxy */;
		};
/* End PBXTargetDependency section */

/* Begin XCBuildConfiguration section */
		800B49B8281D0EC1006DE5CE /* Debug */ = {
			isa = XCBuildConfiguration;
			buildSettings = {
				ALWAYS_SEARCH_USER_PATHS = NO;
				CLANG_ANALYZER_NONNULL = YES;
				CLANG_ANALYZER_NUMBER_OBJECT_CONVERSION = YES_AGGRESSIVE;
				CLANG_CXX_LANGUAGE_STANDARD = "gnu++17";
				CLANG_ENABLE_MODULES = YES;
				CLANG_ENABLE_OBJC_ARC = YES;
				CLANG_ENABLE_OBJC_WEAK = YES;
				CLANG_WARN_BLOCK_CAPTURE_AUTORELEASING = YES;
				CLANG_WARN_BOOL_CONVERSION = YES;
				CLANG_WARN_COMMA = YES;
				CLANG_WARN_CONSTANT_CONVERSION = YES;
				CLANG_WARN_DEPRECATED_OBJC_IMPLEMENTATIONS = YES;
				CLANG_WARN_DIRECT_OBJC_ISA_USAGE = YES_ERROR;
				CLANG_WARN_DOCUMENTATION_COMMENTS = YES;
				CLANG_WARN_EMPTY_BODY = YES;
				CLANG_WARN_ENUM_CONVERSION = YES;
				CLANG_WARN_INFINITE_RECURSION = YES;
				CLANG_WARN_INT_CONVERSION = YES;
				CLANG_WARN_NON_LITERAL_NULL_CONVERSION = YES;
				CLANG_WARN_OBJC_IMPLICIT_RETAIN_SELF = YES;
				CLANG_WARN_OBJC_LITERAL_CONVERSION = YES;
				CLANG_WARN_OBJC_ROOT_CLASS = YES_ERROR;
				CLANG_WARN_QUOTED_INCLUDE_IN_FRAMEWORK_HEADER = YES;
				CLANG_WARN_RANGE_LOOP_ANALYSIS = YES;
				CLANG_WARN_STRICT_PROTOTYPES = YES;
				CLANG_WARN_SUSPICIOUS_MOVE = YES;
				CLANG_WARN_UNGUARDED_AVAILABILITY = YES_AGGRESSIVE;
				CLANG_WARN_UNREACHABLE_CODE = YES;
				CLANG_WARN__DUPLICATE_METHOD_MATCH = YES;
				COPY_PHASE_STRIP = NO;
				DEBUG_INFORMATION_FORMAT = dwarf;
				ENABLE_STRICT_OBJC_MSGSEND = YES;
				ENABLE_TESTABILITY = YES;
				GCC_C_LANGUAGE_STANDARD = gnu11;
				GCC_DYNAMIC_NO_PIC = NO;
				GCC_NO_COMMON_BLOCKS = YES;
				GCC_OPTIMIZATION_LEVEL = 0;
				GCC_PREPROCESSOR_DEFINITIONS = (
					"DEBUG=1",
					"$(inherited)",
				);
				GCC_WARN_64_TO_32_BIT_CONVERSION = YES;
				GCC_WARN_ABOUT_RETURN_TYPE = YES_ERROR;
				GCC_WARN_UNDECLARED_SELECTOR = YES;
				GCC_WARN_UNINITIALIZED_AUTOS = YES_AGGRESSIVE;
				GCC_WARN_UNUSED_FUNCTION = YES;
				GCC_WARN_UNUSED_VARIABLE = YES;
				IPHONEOS_DEPLOYMENT_TARGET = 15.4;
				MTL_ENABLE_DEBUG_INFO = INCLUDE_SOURCE;
				MTL_FAST_MATH = YES;
				ONLY_ACTIVE_ARCH = YES;
				SDKROOT = iphoneos;
				SWIFT_ACTIVE_COMPILATION_CONDITIONS = DEBUG;
				SWIFT_OPTIMIZATION_LEVEL = "-Onone";
			};
			name = Debug;
		};
		800B49B9281D0EC1006DE5CE /* Release */ = {
			isa = XCBuildConfiguration;
			buildSettings = {
				ALWAYS_SEARCH_USER_PATHS = NO;
				CLANG_ANALYZER_NONNULL = YES;
				CLANG_ANALYZER_NUMBER_OBJECT_CONVERSION = YES_AGGRESSIVE;
				CLANG_CXX_LANGUAGE_STANDARD = "gnu++17";
				CLANG_ENABLE_MODULES = YES;
				CLANG_ENABLE_OBJC_ARC = YES;
				CLANG_ENABLE_OBJC_WEAK = YES;
				CLANG_WARN_BLOCK_CAPTURE_AUTORELEASING = YES;
				CLANG_WARN_BOOL_CONVERSION = YES;
				CLANG_WARN_COMMA = YES;
				CLANG_WARN_CONSTANT_CONVERSION = YES;
				CLANG_WARN_DEPRECATED_OBJC_IMPLEMENTATIONS = YES;
				CLANG_WARN_DIRECT_OBJC_ISA_USAGE = YES_ERROR;
				CLANG_WARN_DOCUMENTATION_COMMENTS = YES;
				CLANG_WARN_EMPTY_BODY = YES;
				CLANG_WARN_ENUM_CONVERSION = YES;
				CLANG_WARN_INFINITE_RECURSION = YES;
				CLANG_WARN_INT_CONVERSION = YES;
				CLANG_WARN_NON_LITERAL_NULL_CONVERSION = YES;
				CLANG_WARN_OBJC_IMPLICIT_RETAIN_SELF = YES;
				CLANG_WARN_OBJC_LITERAL_CONVERSION = YES;
				CLANG_WARN_OBJC_ROOT_CLASS = YES_ERROR;
				CLANG_WARN_QUOTED_INCLUDE_IN_FRAMEWORK_HEADER = YES;
				CLANG_WARN_RANGE_LOOP_ANALYSIS = YES;
				CLANG_WARN_STRICT_PROTOTYPES = YES;
				CLANG_WARN_SUSPICIOUS_MOVE = YES;
				CLANG_WARN_UNGUARDED_AVAILABILITY = YES_AGGRESSIVE;
				CLANG_WARN_UNREACHABLE_CODE = YES;
				CLANG_WARN__DUPLICATE_METHOD_MATCH = YES;
				COPY_PHASE_STRIP = NO;
				DEBUG_INFORMATION_FORMAT = "dwarf-with-dsym";
				ENABLE_NS_ASSERTIONS = NO;
				ENABLE_STRICT_OBJC_MSGSEND = YES;
				GCC_C_LANGUAGE_STANDARD = gnu11;
				GCC_NO_COMMON_BLOCKS = YES;
				GCC_WARN_64_TO_32_BIT_CONVERSION = YES;
				GCC_WARN_ABOUT_RETURN_TYPE = YES_ERROR;
				GCC_WARN_UNDECLARED_SELECTOR = YES;
				GCC_WARN_UNINITIALIZED_AUTOS = YES_AGGRESSIVE;
				GCC_WARN_UNUSED_FUNCTION = YES;
				GCC_WARN_UNUSED_VARIABLE = YES;
				IPHONEOS_DEPLOYMENT_TARGET = 15.4;
				MTL_ENABLE_DEBUG_INFO = NO;
				MTL_FAST_MATH = YES;
				SDKROOT = iphoneos;
				SWIFT_COMPILATION_MODE = wholemodule;
				SWIFT_OPTIMIZATION_LEVEL = "-O";
				VALIDATE_PRODUCT = YES;
			};
			name = Release;
		};
		800B49BB281D0EC1006DE5CE /* Debug */ = {
			isa = XCBuildConfiguration;
			buildSettings = {
				ASSETCATALOG_COMPILER_APPICON_NAME = AppIcon;
				ASSETCATALOG_COMPILER_GLOBAL_ACCENT_COLOR_NAME = AccentColor;
				CODE_SIGN_STYLE = Automatic;
				CURRENT_PROJECT_VERSION = 1;
				DEVELOPMENT_ASSET_PATHS = "\"BabyAndBee/Preview Content\"";
				DEVELOPMENT_TEAM = 5RDRR49H3G;
				ENABLE_PREVIEWS = YES;
				GENERATE_INFOPLIST_FILE = YES;
				INFOPLIST_KEY_UIApplicationSceneManifest_Generation = YES;
				INFOPLIST_KEY_UIApplicationSupportsIndirectInputEvents = YES;
				INFOPLIST_KEY_UILaunchScreen_Generation = YES;
				INFOPLIST_KEY_UISupportedInterfaceOrientations_iPad = "UIInterfaceOrientationPortrait UIInterfaceOrientationPortraitUpsideDown UIInterfaceOrientationLandscapeLeft UIInterfaceOrientationLandscapeRight";
				INFOPLIST_KEY_UISupportedInterfaceOrientations_iPhone = "UIInterfaceOrientationPortrait UIInterfaceOrientationLandscapeLeft UIInterfaceOrientationLandscapeRight";
				LD_RUNPATH_SEARCH_PATHS = (
					"$(inherited)",
					"@executable_path/Frameworks",
				);
				MARKETING_VERSION = 1.0;
				PRODUCT_BUNDLE_IDENTIFIER = com.robertlinnemann.BabyAndBee;
				PRODUCT_NAME = "$(TARGET_NAME)";
				SWIFT_EMIT_LOC_STRINGS = YES;
				SWIFT_VERSION = 5.0;
				TARGETED_DEVICE_FAMILY = "1,2";
			};
			name = Debug;
		};
		800B49BC281D0EC1006DE5CE /* Release */ = {
			isa = XCBuildConfiguration;
			buildSettings = {
				ASSETCATALOG_COMPILER_APPICON_NAME = AppIcon;
				ASSETCATALOG_COMPILER_GLOBAL_ACCENT_COLOR_NAME = AccentColor;
				CODE_SIGN_STYLE = Automatic;
				CURRENT_PROJECT_VERSION = 1;
				DEVELOPMENT_ASSET_PATHS = "\"BabyAndBee/Preview Content\"";
				DEVELOPMENT_TEAM = 5RDRR49H3G;
				ENABLE_PREVIEWS = YES;
				GENERATE_INFOPLIST_FILE = YES;
				INFOPLIST_KEY_UIApplicationSceneManifest_Generation = YES;
				INFOPLIST_KEY_UIApplicationSupportsIndirectInputEvents = YES;
				INFOPLIST_KEY_UILaunchScreen_Generation = YES;
				INFOPLIST_KEY_UISupportedInterfaceOrientations_iPad = "UIInterfaceOrientationPortrait UIInterfaceOrientationPortraitUpsideDown UIInterfaceOrientationLandscapeLeft UIInterfaceOrientationLandscapeRight";
				INFOPLIST_KEY_UISupportedInterfaceOrientations_iPhone = "UIInterfaceOrientationPortrait UIInterfaceOrientationLandscapeLeft UIInterfaceOrientationLandscapeRight";
				LD_RUNPATH_SEARCH_PATHS = (
					"$(inherited)",
					"@executable_path/Frameworks",
				);
				MARKETING_VERSION = 1.0;
				PRODUCT_BUNDLE_IDENTIFIER = com.robertlinnemann.BabyAndBee;
				PRODUCT_NAME = "$(TARGET_NAME)";
				SWIFT_EMIT_LOC_STRINGS = YES;
				SWIFT_VERSION = 5.0;
				TARGETED_DEVICE_FAMILY = "1,2";
			};
			name = Release;
		};
		800B49BE281D0EC1006DE5CE /* Debug */ = {
			isa = XCBuildConfiguration;
			buildSettings = {
				ALWAYS_EMBED_SWIFT_STANDARD_LIBRARIES = YES;
				BUNDLE_LOADER = "$(TEST_HOST)";
				CODE_SIGN_STYLE = Automatic;
				CURRENT_PROJECT_VERSION = 1;
				DEVELOPMENT_TEAM = 5RDRR49H3G;
				GENERATE_INFOPLIST_FILE = YES;
				IPHONEOS_DEPLOYMENT_TARGET = 15.4;
				MARKETING_VERSION = 1.0;
				PRODUCT_BUNDLE_IDENTIFIER = com.robertlinnemann.BabyAndBeeTests;
				PRODUCT_NAME = "$(TARGET_NAME)";
				SWIFT_EMIT_LOC_STRINGS = NO;
				SWIFT_VERSION = 5.0;
				TARGETED_DEVICE_FAMILY = "1,2";
				TEST_HOST = "$(BUILT_PRODUCTS_DIR)/BabyAndBee.app/BabyAndBee";
			};
			name = Debug;
		};
		800B49BF281D0EC1006DE5CE /* Release */ = {
			isa = XCBuildConfiguration;
			buildSettings = {
				ALWAYS_EMBED_SWIFT_STANDARD_LIBRARIES = YES;
				BUNDLE_LOADER = "$(TEST_HOST)";
				CODE_SIGN_STYLE = Automatic;
				CURRENT_PROJECT_VERSION = 1;
				DEVELOPMENT_TEAM = 5RDRR49H3G;
				GENERATE_INFOPLIST_FILE = YES;
				IPHONEOS_DEPLOYMENT_TARGET = 15.4;
				MARKETING_VERSION = 1.0;
				PRODUCT_BUNDLE_IDENTIFIER = com.robertlinnemann.BabyAndBeeTests;
				PRODUCT_NAME = "$(TARGET_NAME)";
				SWIFT_EMIT_LOC_STRINGS = NO;
				SWIFT_VERSION = 5.0;
				TARGETED_DEVICE_FAMILY = "1,2";
				TEST_HOST = "$(BUILT_PRODUCTS_DIR)/BabyAndBee.app/BabyAndBee";
			};
			name = Release;
		};
		800B49C1281D0EC1006DE5CE /* Debug */ = {
			isa = XCBuildConfiguration;
			buildSettings = {
				ALWAYS_EMBED_SWIFT_STANDARD_LIBRARIES = YES;
				CODE_SIGN_STYLE = Automatic;
				CURRENT_PROJECT_VERSION = 1;
				DEVELOPMENT_TEAM = 5RDRR49H3G;
				GENERATE_INFOPLIST_FILE = YES;
				MARKETING_VERSION = 1.0;
				PRODUCT_BUNDLE_IDENTIFIER = com.robertlinnemann.BabyAndBeeUITests;
				PRODUCT_NAME = "$(TARGET_NAME)";
				SWIFT_EMIT_LOC_STRINGS = NO;
				SWIFT_VERSION = 5.0;
				TARGETED_DEVICE_FAMILY = "1,2";
				TEST_TARGET_NAME = BabyAndBee;
			};
			name = Debug;
		};
		800B49C2281D0EC1006DE5CE /* Release */ = {
			isa = XCBuildConfiguration;
			buildSettings = {
				ALWAYS_EMBED_SWIFT_STANDARD_LIBRARIES = YES;
				CODE_SIGN_STYLE = Automatic;
				CURRENT_PROJECT_VERSION = 1;
				DEVELOPMENT_TEAM = 5RDRR49H3G;
				GENERATE_INFOPLIST_FILE = YES;
				MARKETING_VERSION = 1.0;
				PRODUCT_BUNDLE_IDENTIFIER = com.robertlinnemann.BabyAndBeeUITests;
				PRODUCT_NAME = "$(TARGET_NAME)";
				SWIFT_EMIT_LOC_STRINGS = NO;
				SWIFT_VERSION = 5.0;
				TARGETED_DEVICE_FAMILY = "1,2";
				TEST_TARGET_NAME = BabyAndBee;
			};
			name = Release;
		};
/* End XCBuildConfiguration section */

/* Begin XCConfigurationList section */
		800B4991281D0EBF006DE5CE /* Build configuration list for PBXProject "BabyAndBee" */ = {
			isa = XCConfigurationList;
			buildConfigurations = (
				800B49B8281D0EC1006DE5CE /* Debug */,
				800B49B9281D0EC1006DE5CE /* Release */,
			);
			defaultConfigurationIsVisible = 0;
			defaultConfigurationName = Release;
		};
		800B49BA281D0EC1006DE5CE /* Build configuration list for PBXNativeTarget "BabyAndBee" */ = {
			isa = XCConfigurationList;
			buildConfigurations = (
				800B49BB281D0EC1006DE5CE /* Debug */,
				800B49BC281D0EC1006DE5CE /* Release */,
			);
			defaultConfigurationIsVisible = 0;
			defaultConfigurationName = Release;
		};
		800B49BD281D0EC1006DE5CE /* Build configuration list for PBXNativeTarget "BabyAndBeeTests" */ = {
			isa = XCConfigurationList;
			buildConfigurations = (
				800B49BE281D0EC1006DE5CE /* Debug */,
				800B49BF281D0EC1006DE5CE /* Release */,
			);
			defaultConfigurationIsVisible = 0;
			defaultConfigurationName = Release;
		};
		800B49C0281D0EC1006DE5CE /* Build configuration list for PBXNativeTarget "BabyAndBeeUITests" */ = {
			isa = XCConfigurationList;
			buildConfigurations = (
				800B49C1281D0EC1006DE5CE /* Debug */,
				800B49C2281D0EC1006DE5CE /* Release */,
			);
			defaultConfigurationIsVisible = 0;
			defaultConfigurationName = Release;
		};
/* End XCConfigurationList section */
	};
	rootObject = 800B498E281D0EBF006DE5CE /* Project object */;
}
